# This file is automatically @generated by Cargo.
# It is not intended for manual editing.
version = 3

[[package]]
name = "aho-corasick"
version = "0.7.18"
source = "registry+https://github.com/rust-lang/crates.io-index"
checksum = "1e37cfd5e7657ada45f742d6e99ca5788580b5c529dc78faf11ece6dc702656f"
dependencies = [
 "memchr",
]

[[package]]
name = "bitflags"
version = "1.1.0"
source = "registry+https://github.com/rust-lang/crates.io-index"
checksum = "3d155346769a6855b86399e9bc3814ab343cd3d62c7e985113d46a0ec3c281fd"

[[package]]
name = "block"
version = "0.1.6"
source = "registry+https://github.com/rust-lang/crates.io-index"
checksum = "0d8c1fef690941d3e7788d328517591fecc684c084084702d6ff1641e993699a"

[[package]]
name = "cc"
version = "1.0.45"
source = "registry+https://github.com/rust-lang/crates.io-index"
checksum = "4fc9a35e1f4290eb9e5fc54ba6cf40671ed2a2514c3eeb2b2a908dda2ea5a1be"

[[package]]
name = "cfg-if"
version = "0.1.9"
source = "registry+https://github.com/rust-lang/crates.io-index"
checksum = "b486ce3ccf7ffd79fdeb678eac06a9e6c09fc88d33836340becb8fffe87c5e33"

[[package]]
name = "clipboard"
version = "0.5.0"
source = "registry+https://github.com/rust-lang/crates.io-index"
checksum = "25a904646c0340239dcf7c51677b33928bf24fdf424b79a57909c0109075b2e7"
dependencies = [
 "clipboard-win",
 "objc",
 "objc-foundation",
 "objc_id",
 "x11-clipboard",
]

[[package]]
name = "clipboard-win"
version = "2.2.0"
source = "registry+https://github.com/rust-lang/crates.io-index"
checksum = "e3a093d6fed558e5fe24c3dfc85a68bb68f1c824f440d3ba5aca189e2998786b"
dependencies = [
 "winapi",
]

[[package]]
name = "core-foundation"
version = "0.5.1"
source = "registry+https://github.com/rust-lang/crates.io-index"
checksum = "286e0b41c3a20da26536c6000a280585d519fd07b3956b43aed8a79e9edce980"
dependencies = [
 "core-foundation-sys",
 "libc",
]

[[package]]
name = "core-foundation-sys"
version = "0.5.1"
source = "registry+https://github.com/rust-lang/crates.io-index"
checksum = "716c271e8613ace48344f723b60b900a93150271e5be206212d052bbc0883efa"
dependencies = [
 "libc",
]

[[package]]
name = "core-graphics"
version = "0.13.0"
source = "registry+https://github.com/rust-lang/crates.io-index"
checksum = "fb0ed45fdc32f9ab426238fba9407dfead7bacd7900c9b4dd3f396f46eafdae3"
dependencies = [
 "bitflags",
 "core-foundation",
 "foreign-types",
 "libc",
]

[[package]]
name = "cslice"
version = "0.2.0"
source = "registry+https://github.com/rust-lang/crates.io-index"
checksum = "697c714f50560202b1f4e2e09cd50a421881c83e9025db75d15f276616f04f40"

[[package]]
name = "enigo"
version = "0.0.13"
source = "registry+https://github.com/rust-lang/crates.io-index"
checksum = "afd3b113b822a9f49524258a2849efe0192b392eb12088a6d70ce0a60df793bb"
dependencies = [
 "core-graphics",
 "libc",
 "objc",
 "pkg-config",
 "winapi",
]

[[package]]
name = "foreign-types"
version = "0.3.2"
source = "registry+https://github.com/rust-lang/crates.io-index"
checksum = "f6f339eb8adc052cd2ca78910fda869aefa38d22d5cb648e6485e4d3fc06f3b1"
dependencies = [
 "foreign-types-shared",
]

[[package]]
name = "foreign-types-shared"
version = "0.1.1"
source = "registry+https://github.com/rust-lang/crates.io-index"
checksum = "00b0228411908ca8685dba7fc2cdd70ec9990a6e753e89b6ac91a84c40fbaf4b"

[[package]]
name = "libc"
version = "0.2.62"
source = "registry+https://github.com/rust-lang/crates.io-index"
checksum = "34fcd2c08d2f832f376f4173a231990fa5aef4e99fb569867318a227ef4c06ba"

[[package]]
name = "log"
version = "0.4.8"
source = "registry+https://github.com/rust-lang/crates.io-index"
checksum = "14b6052be84e6b71ab17edffc2eeabf5c2c3ae1fdb464aae35ac50c67a44e1f7"
dependencies = [
 "cfg-if",
]

[[package]]
name = "malloc_buf"
version = "0.0.6"
source = "registry+https://github.com/rust-lang/crates.io-index"
checksum = "62bb907fe88d54d8d9ce32a3cceab4218ed2f6b7d35617cafe9adf84e43919cb"
dependencies = [
 "libc",
]

[[package]]
name = "memchr"
version = "2.5.0"
source = "registry+https://github.com/rust-lang/crates.io-index"
checksum = "2dffe52ecf27772e601905b7522cb4ef790d2cc203488bbd0e2fe85fcb74566d"

[[package]]
name = "neon"
version = "0.3.1"
source = "registry+https://github.com/rust-lang/crates.io-index"
checksum = "1e31f51b1d63dab769f884517d1765956e46215522d2b14069438e7dcb21c6d3"
dependencies = [
 "cslice",
 "neon-build",
 "neon-runtime",
 "semver",
]

[[package]]
name = "neon-build"
version = "0.3.1"
source = "registry+https://github.com/rust-lang/crates.io-index"
checksum = "ea89bb3c6c47c7c90f93b185a7ea65d8af2cce588d698dd4a2a75b2c914e5ece"

[[package]]
name = "neon-runtime"
version = "0.3.1"
source = "registry+https://github.com/rust-lang/crates.io-index"
checksum = "c6d7bf4fae649d246afa85de88435ea0db21e83e8c7a54d25e3f63b5bdbb4bf2"
dependencies = [
 "cc",
 "regex",
]

[[package]]
name = "neon-test"
version = "0.1.0"
dependencies = [
 "clipboard",
 "enigo",
 "neon",
 "neon-build",
]

[[package]]
name = "objc"
version = "0.2.6"
source = "registry+https://github.com/rust-lang/crates.io-index"
checksum = "31d20fd2b37e07cf5125be68357b588672e8cefe9a96f8c17a9d46053b3e590d"
dependencies = [
 "malloc_buf",
]

[[package]]
name = "objc-foundation"
version = "0.1.1"
source = "registry+https://github.com/rust-lang/crates.io-index"
checksum = "1add1b659e36c9607c7aab864a76c7a4c2760cd0cd2e120f3fb8b952c7e22bf9"
dependencies = [
 "block",
 "objc",
 "objc_id",
]

[[package]]
name = "objc_id"
version = "0.1.1"
source = "registry+https://github.com/rust-lang/crates.io-index"
checksum = "c92d4ddb4bd7b50d730c215ff871754d0da6b2178849f8a2a2ab69712d0c073b"
dependencies = [
 "objc",
]

[[package]]
name = "pkg-config"
version = "0.3.16"
source = "registry+https://github.com/rust-lang/crates.io-index"
checksum = "72d5370d90f49f70bd033c3d75e87fc529fbfff9d6f7cccef07d6170079d91ea"

[[package]]
name = "regex"
version = "1.5.6"
source = "registry+https://github.com/rust-lang/crates.io-index"
checksum = "d83f127d94bdbcda4c8cc2e50f6f84f4b611f69c902699ca385a39c3a75f9ff1"
dependencies = [
 "aho-corasick",
 "memchr",
 "regex-syntax",
]

[[package]]
name = "regex-syntax"
version = "0.6.26"
source = "registry+https://github.com/rust-lang/crates.io-index"
checksum = "49b3de9ec5dc0a3417da371aab17d729997c15010e7fd24ff707773a33bddb64"

[[package]]
name = "semver"
version = "0.9.0"
source = "registry+https://github.com/rust-lang/crates.io-index"
checksum = "1d7eb9ef2c18661902cc47e535f9bc51b78acd254da71d375c2f6720d9a40403"
dependencies = [
 "semver-parser",
]

[[package]]
name = "semver-parser"
version = "0.7.0"
source = "registry+https://github.com/rust-lang/crates.io-index"
checksum = "388a1df253eca08550bef6c72392cfe7c30914bf41df5269b68cbd6ff8f570a3"

[[package]]
name = "winapi"
version = "0.3.8"
source = "registry+https://github.com/rust-lang/crates.io-index"
checksum = "8093091eeb260906a183e6ae1abdba2ef5ef2257a21801128899c3fc699229c6"
dependencies = [
 "winapi-i686-pc-windows-gnu",
 "winapi-x86_64-pc-windows-gnu",
]

[[package]]
name = "winapi-i686-pc-windows-gnu"
version = "0.4.0"
source = "registry+https://github.com/rust-lang/crates.io-index"
checksum = "ac3b87c63620426dd9b991e5ce0329eff545bccbbb34f3be09ff6fb6ab51b7b6"

[[package]]
name = "winapi-x86_64-pc-windows-gnu"
version = "0.4.0"
source = "registry+https://github.com/rust-lang/crates.io-index"
checksum = "712e227841d057c1ee1cd2fb22fa7e5a5461ae8e48fa2ca79ec42cfc1931183f"

[[package]]
name = "x11-clipboard"
version = "0.3.3"
source = "registry+https://github.com/rust-lang/crates.io-index"
checksum = "89bd49c06c9eb5d98e6ba6536cf64ac9f7ee3a009b2f53996d405b3944f6bcea"
dependencies = [
 "xcb",
]

[[package]]
name = "xcb"
version = "0.8.2"
source = "registry+https://github.com/rust-lang/crates.io-index"
checksum = "5e917a3f24142e9ff8be2414e36c649d47d6cc2ba81f16201cdef96e533e02de"
dependencies = [
 "libc",
 "log",
]
